
Microsoft Visual Studio Solution File, Format Version 12.00
# Visual Studio Version 17
VisualStudioVersion = 17.12.35521.163
MinimumVisualStudioVersion = 10.0.40219.1
Project("{FAE04EC0-301F-11D3-BF4B-00C04F79EFBC}") = "RSP", "P1\RSP.csproj", "{356732DF-CDC1-4406-9452-37E10D14CEE6}"
EndProject
Project("{FAE04EC0-301F-11D3-BF4B-00C04F79EFBC}") = "ChoiceNum", "P2\ChoiceNum.csproj", "{F11D35F4-068D-46BD-A9D3-8096C72B61DB}"
EndProject
Project("{FAE04EC0-301F-11D3-BF4B-00C04F79EFBC}") = "ChoiceNum2", "ConsoleApp1\ChoiceNum2.csproj", "{1395DECC-2D6C-43EC-816B-46B57D4C46E4}"
EndProject
Project("{FAE04EC0-301F-11D3-BF4B-00C04F79EFBC}") = "TicTactoe", "TicTactoe\TicTactoe.csproj", "{4F804BAA-0D58-42C0-BBD3-BE0E831EC94F}"
EndProject
Project("{FAE04EC0-301F-11D3-BF4B-00C04F79EFBC}") = "Snake", "Snake\Snake.csproj", "{21DEB1AF-4EAB-452E-AD60-781C1327778E}"
EndProject
Project("{FAE04EC0-301F-11D3-BF4B-00C04F79EFBC}") = "MoveInterface", "Interface\MoveInterface.csproj", "{263801F7-E147-4D68-AC1E-35F985B66D51}"
EndProject
Project("{FAE04EC0-301F-11D3-BF4B-00C04F79EFBC}") = "ItemInterface", "ItemInterface\ItemInterface.csproj", "{369BB216-81D0-4BF0-8F9D-92CBCC92BDC0}"
EndProject
Project("{FAE04EC0-301F-11D3-BF4B-00C04F79EFBC}") = "TRPG", "TRPG\TRPG.csproj", "{78266DBB-14C2-4D37-A942-622FE66FE096}"
EndProject
Global
	GlobalSection(SolutionConfigurationPlatforms) = preSolution
		Debug|Any CPU = Debug|Any CPU
		Release|Any CPU = Release|Any CPU
	EndGlobalSection
	GlobalSection(ProjectConfigurationPlatforms) = postSolution
		{356732DF-CDC1-4406-9452-37E10D14CEE6}.Debug|Any CPU.ActiveCfg = Debug|Any CPU
		{356732DF-CDC1-4406-9452-37E10D14CEE6}.Debug|Any CPU.Build.0 = Debug|Any CPU
		{356732DF-CDC1-4406-9452-37E10D14CEE6}.Release|Any CPU.ActiveCfg = Release|Any CPU
		{356732DF-CDC1-4406-9452-37E10D14CEE6}.Release|Any CPU.Build.0 = Release|Any CPU
		{F11D35F4-068D-46BD-A9D3-8096C72B61DB}.Debug|Any CPU.ActiveCfg = Debug|Any CPU
		{F11D35F4-068D-46BD-A9D3-8096C72B61DB}.Debug|Any CPU.Build.0 = Debug|Any CPU
		{F11D35F4-068D-46BD-A9D3-8096C72B61DB}.Release|Any CPU.ActiveCfg = Release|Any CPU
		{F11D35F4-068D-46BD-A9D3-8096C72B61DB}.Release|Any CPU.Build.0 = Release|Any CPU
		{1395DECC-2D6C-43EC-816B-46B57D4C46E4}.Debug|Any CPU.ActiveCfg = Debug|Any CPU
		{1395DECC-2D6C-43EC-816B-46B57D4C46E4}.Debug|Any CPU.Build.0 = Debug|Any CPU
		{1395DECC-2D6C-43EC-816B-46B57D4C46E4}.Release|Any CPU.ActiveCfg = Release|Any CPU
		{1395DECC-2D6C-43EC-816B-46B57D4C46E4}.Release|Any CPU.Build.0 = Release|Any CPU
		{4F804BAA-0D58-42C0-BBD3-BE0E831EC94F}.Debug|Any CPU.ActiveCfg = Debug|Any CPU
		{4F804BAA-0D58-42C0-BBD3-BE0E831EC94F}.Debug|Any CPU.Build.0 = Debug|Any CPU
		{4F804BAA-0D58-42C0-BBD3-BE0E831EC94F}.Release|Any CPU.ActiveCfg = Release|Any CPU
		{4F804BAA-0D58-42C0-BBD3-BE0E831EC94F}.Release|Any CPU.Build.0 = Release|Any CPU
		{21DEB1AF-4EAB-452E-AD60-781C1327778E}.Debug|Any CPU.ActiveCfg = Debug|Any CPU
		{21DEB1AF-4EAB-452E-AD60-781C1327778E}.Debug|Any CPU.Build.0 = Debug|Any CPU
		{21DEB1AF-4EAB-452E-AD60-781C1327778E}.Release|Any CPU.ActiveCfg = Release|Any CPU
		{21DEB1AF-4EAB-452E-AD60-781C1327778E}.Release|Any CPU.Build.0 = Release|Any CPU
		{263801F7-E147-4D68-AC1E-35F985B66D51}.Debug|Any CPU.ActiveCfg = Debug|Any CPU
		{263801F7-E147-4D68-AC1E-35F985B66D51}.Debug|Any CPU.Build.0 = Debug|Any CPU
		{263801F7-E147-4D68-AC1E-35F985B66D51}.Release|Any CPU.ActiveCfg = Release|Any CPU
		{263801F7-E147-4D68-AC1E-35F985B66D51}.Release|Any CPU.Build.0 = Release|Any CPU
		{369BB216-81D0-4BF0-8F9D-92CBCC92BDC0}.Debug|Any CPU.ActiveCfg = Debug|Any CPU
		{369BB216-81D0-4BF0-8F9D-92CBCC92BDC0}.Debug|Any CPU.Build.0 = Debug|Any CPU
		{369BB216-81D0-4BF0-8F9D-92CBCC92BDC0}.Release|Any CPU.ActiveCfg = Release|Any CPU
		{369BB216-81D0-4BF0-8F9D-92CBCC92BDC0}.Release|Any CPU.Build.0 = Release|Any CPU
		{78266DBB-14C2-4D37-A942-622FE66FE096}.Debug|Any CPU.ActiveCfg = Debug|Any CPU
		{78266DBB-14C2-4D37-A942-622FE66FE096}.Debug|Any CPU.Build.0 = Debug|Any CPU
		{78266DBB-14C2-4D37-A942-622FE66FE096}.Release|Any CPU.ActiveCfg = Release|Any CPU
		{78266DBB-14C2-4D37-A942-622FE66FE096}.Release|Any CPU.Build.0 = Release|Any CPU
	EndGlobalSection
	GlobalSection(SolutionProperties) = preSolution
		HideSolutionNode = FALSE
	EndGlobalSection
EndGlobal
